// !$*UTF8*$!
{
	archiveVersion = 1;
	classes = {
	};
	objectVersion = 56;
	objects = {

/* Begin PBXBuildFile section */
		515B41F02939DE070018C374 /* AppDelegate.swift in Sources */ = {isa = PBXBuildFile; fileRef = 515B41EF2939DE070018C374 /* AppDelegate.swift */; };
		515B41F22939DE070018C374 /* SceneDelegate.swift in Sources */ = {isa = PBXBuildFile; fileRef = 515B41F12939DE070018C374 /* SceneDelegate.swift */; };
		515B41F42939DE070018C374 /* ViewController.swift in Sources */ = {isa = PBXBuildFile; fileRef = 515B41F32939DE070018C374 /* ViewController.swift */; };
		515B41F72939DE070018C374 /* Main.storyboard in Resources */ = {isa = PBXBuildFile; fileRef = 515B41F52939DE070018C374 /* Main.storyboard */; };
		515B41F92939DE090018C374 /* Assets.xcassets in Resources */ = {isa = PBXBuildFile; fileRef = 515B41F82939DE090018C374 /* Assets.xcassets */; };
		515B41FC2939DE090018C374 /* LaunchScreen.storyboard in Resources */ = {isa = PBXBuildFile; fileRef = 515B41FA2939DE090018C374 /* LaunchScreen.storyboard */; };
		E99C7646E1815EE01B5C3950 /* Pods_PracticeForRxSwift.framework in Frameworks */ = {isa = PBXBuildFile; fileRef = C7F0756900EDBFE211D744D9 /* Pods_PracticeForRxSwift.framework */; };
/* End PBXBuildFile section */

/* Begin PBXFileReference section */
		008B0853EA2B2EDEFFBCF02F /* Pods-PracticeForRxSwift.debug.xcconfig */ = {isa = PBXFileReference; includeInIndex = 1; lastKnownFileType = text.xcconfig; name = "Pods-PracticeForRxSwift.debug.xcconfig"; path = "Target Support Files/Pods-PracticeForRxSwift/Pods-PracticeForRxSwift.debug.xcconfig"; sourceTree = "<group>"; };
		1BBA7AC4BE6C1532F628D794 /* Pods-PracticeForRxSwift.release.xcconfig */ = {isa = PBXFileReference; includeInIndex = 1; lastKnownFileType = text.xcconfig; name = "Pods-PracticeForRxSwift.release.xcconfig"; path = "Target Support Files/Pods-PracticeForRxSwift/Pods-PracticeForRxSwift.release.xcconfig"; sourceTree = "<group>"; };
		515B41EC2939DE070018C374 /* PracticeForRxSwift.app */ = {isa = PBXFileReference; explicitFileType = wrapper.application; includeInIndex = 0; path = PracticeForRxSwift.app; sourceTree = BUILT_PRODUCTS_DIR; };
		515B41EF2939DE070018C374 /* AppDelegate.swift */ = {isa = PBXFileReference; lastKnownFileType = sourcecode.swift; path = AppDelegate.swift; sourceTree = "<group>"; };
		515B41F12939DE070018C374 /* SceneDelegate.swift */ = {isa = PBXFileReference; lastKnownFileType = sourcecode.swift; path = SceneDelegate.swift; sourceTree = "<group>"; };
		515B41F32939DE070018C374 /* ViewController.swift */ = {isa = PBXFileReference; lastKnownFileType = sourcecode.swift; path = ViewController.swift; sourceTree = "<group>"; };
		515B41F62939DE070018C374 /* Base */ = {isa = PBXFileReference; lastKnownFileType = file.storyboard; name = Base; path = Base.lproj/Main.storyboard; sourceTree = "<group>"; };
		515B41F82939DE090018C374 /* Assets.xcassets */ = {isa = PBXFileReference; lastKnownFileType = folder.assetcatalog; path = Assets.xcassets; sourceTree = "<group>"; };
		515B41FB2939DE090018C374 /* Base */ = {isa = PBXFileReference; lastKnownFileType = file.storyboard; name = Base; path = Base.lproj/LaunchScreen.storyboard; sourceTree = "<group>"; };
		515B41FD2939DE090018C374 /* Info.plist */ = {isa = PBXFileReference; lastKnownFileType = text.plist.xml; path = Info.plist; sourceTree = "<group>"; };
		515B42032939DEA20018C374 /* Observable.playground */ = {isa = PBXFileReference; lastKnownFileType = file.playground; path = Observable.playground; sourceTree = "<group>"; xcLanguageSpecificationIdentifier = xcode.lang.swift; };
		515B42042939F99F0018C374 /* Traits.playground */ = {isa = PBXFileReference; lastKnownFileType = file.playground; path = Traits.playground; sourceTree = "<group>"; xcLanguageSpecificationIdentifier = xcode.lang.swift; };
		515B4205293A08ED0018C374 /* Subjects.playground */ = {isa = PBXFileReference; lastKnownFileType = file.playground; path = Subjects.playground; sourceTree = "<group>"; xcLanguageSpecificationIdentifier = xcode.lang.swift; };
		C7F0756900EDBFE211D744D9 /* Pods_PracticeForRxSwift.framework */ = {isa = PBXFileReference; explicitFileType = wrapper.framework; includeInIndex = 0; path = Pods_PracticeForRxSwift.framework; sourceTree = BUILT_PRODUCTS_DIR; };
/* End PBXFileReference section */

/* Begin PBXFrameworksBuildPhase section */
		515B41E92939DE070018C374 /* Frameworks */ = {
			isa = PBXFrameworksBuildPhase;
			buildActionMask = 2147483647;
			files = (
				E99C7646E1815EE01B5C3950 /* Pods_PracticeForRxSwift.framework in Frameworks */,
			);
			runOnlyForDeploymentPostprocessing = 0;
		};
/* End PBXFrameworksBuildPhase section */

/* Begin PBXGroup section */
		4CD5E17EF6533D44A74A212B /* Frameworks */ = {
			isa = PBXGroup;
			children = (
				C7F0756900EDBFE211D744D9 /* Pods_PracticeForRxSwift.framework */,
			);
			name = Frameworks;
			sourceTree = "<group>";
		};
		515B41E32939DE070018C374 = {
			isa = PBXGroup;
			children = (
				515B42032939DEA20018C374 /* Observable.playground */,
				515B42042939F99F0018C374 /* Traits.playground */,
				515B4205293A08ED0018C374 /* Subjects.playground */,
				515B41EE2939DE070018C374 /* PracticeForRxSwift */,
				515B41ED2939DE070018C374 /* Products */,
				AB91EB9DCC8CF77412FC69BF /* Pods */,
				4CD5E17EF6533D44A74A212B /* Frameworks */,
			);
			sourceTree = "<group>";
		};
		515B41ED2939DE070018C374 /* Products */ = {
			isa = PBXGroup;
			children = (
				515B41EC2939DE070018C374 /* PracticeForRxSwift.app */,
			);
			name = Products;
			sourceTree = "<group>";
		};
		515B41EE2939DE070018C374 /* PracticeForRxSwift */ = {
			isa = PBXGroup;
			children = (
				515B41EF2939DE070018C374 /* AppDelegate.swift */,
				515B41F12939DE070018C374 /* SceneDelegate.swift */,
				515B41F32939DE070018C374 /* ViewController.swift */,
				515B41F52939DE070018C374 /* Main.storyboard */,
				515B41F82939DE090018C374 /* Assets.xcassets */,
				515B41FA2939DE090018C374 /* LaunchScreen.storyboard */,
				515B41FD2939DE090018C374 /* Info.plist */,
			);
			path = PracticeForRxSwift;
			sourceTree = "<group>";
		};
		AB91EB9DCC8CF77412FC69BF /* Pods */ = {
			isa = PBXGroup;
			children = (
				008B0853EA2B2EDEFFBCF02F /* Pods-PracticeForRxSwift.debug.xcconfig */,
				1BBA7AC4BE6C1532F628D794 /* Pods-PracticeForRxSwift.release.xcconfig */,
			);
			path = Pods;
			sourceTree = "<group>";
		};
/* End PBXGroup section */

/* Begin PBXNativeTarget section */
		515B41EB2939DE070018C374 /* PracticeForRxSwift */ = {
			isa = PBXNativeTarget;
			buildConfigurationList = 515B42002939DE090018C374 /* Build configuration list for PBXNativeTarget "PracticeForRxSwift" */;
			buildPhases = (
				DBF982E149F0E9E17C75006B /* [CP] Check Pods Manifest.lock */,
				515B41E82939DE070018C374 /* Sources */,
				515B41E92939DE070018C374 /* Frameworks */,
				515B41EA2939DE070018C374 /* Resources */,
				E3F2A40449CCC33ABE105A75 /* [CP] Embed Pods Frameworks */,
			);
			buildRules = (
			);
			dependencies = (
			);
			name = PracticeForRxSwift;
			productName = PracticeForRxSwift;
			productReference = 515B41EC2939DE070018C374 /* PracticeForRxSwift.app */;
			productType = "com.apple.product-type.application";
		};
/* End PBXNativeTarget section */

/* Begin PBXProject section */
		515B41E42939DE070018C374 /* Project object */ = {
			isa = PBXProject;
			attributes = {
				BuildIndependentTargetsInParallel = 1;
				LastSwiftUpdateCheck = 1410;
				LastUpgradeCheck = 1410;
				TargetAttributes = {
					515B41EB2939DE070018C374 = {
						CreatedOnToolsVersion = 14.1;
					};
				};
			};
			buildConfigurationList = 515B41E72939DE070018C374 /* Build configuration list for PBXProject "PracticeForRxSwift" */;
			compatibilityVersion = "Xcode 14.0";
			developmentRegion = en;
			hasScannedForEncodings = 0;
			knownRegions = (
				en,
				Base,
			);
			mainGroup = 515B41E32939DE070018C374;
			productRefGroup = 515B41ED2939DE070018C374 /* Products */;
			projectDirPath = "";
			projectRoot = "";
			targets = (
				515B41EB2939DE070018C374 /* PracticeForRxSwift */,
			);
		};
/* End PBXProject section */

/* Begin PBXResourcesBuildPhase section */
		515B41EA2939DE070018C374 /* Resources */ = {
			isa = PBXResourcesBuildPhase;
			buildActionMask = 2147483647;
			files = (
				515B41FC2939DE090018C374 /* LaunchScreen.storyboard in Resources */,
				515B41F92939DE090018C374 /* Assets.xcassets in Resources */,
				515B41F72939DE070018C374 /* Main.storyboard in Resources */,
			);
			runOnlyForDeploymentPostprocessing = 0;
		};
/* End PBXResourcesBuildPhase section */

/* Begin PBXShellScriptBuildPhase section */
		DBF982E149F0E9E17C75006B /* [CP] Check Pods Manifest.lock */ = {
			isa = PBXShellScriptBuildPhase;
			buildActionMask = 2147483647;
			files = (
			);
			inputFileListPaths = (
			);
			inputPaths = (
				"${PODS_PODFILE_DIR_PATH}/Podfile.lock",
				"${PODS_ROOT}/Manifest.lock",
			);
			name = "[CP] Check Pods Manifest.lock";
			outputFileListPaths = (
			);
			outputPaths = (
				"$(DERIVED_FILE_DIR)/Pods-PracticeForRxSwift-checkManifestLockResult.txt",
			);
			runOnlyForDeploymentPostprocessing = 0;
			shellPath = /bin/sh;
			shellScript = "diff \"${PODS_PODFILE_DIR_PATH}/Podfile.lock\" \"${PODS_ROOT}/Manifest.lock\" > /dev/null\nif [ $? != 0 ] ; then\n    # print error to STDERR\n    echo \"error: The sandbox is not in sync with the Podfile.lock. Run 'pod install' or update your CocoaPods installation.\" >&2\n    exit 1\nfi\n# This output is used by Xcode 'outputs' to avoid re-running this script phase.\necho \"SUCCESS\" > \"${SCRIPT_OUTPUT_FILE_0}\"\n";
			showEnvVarsInLog = 0;
		};
		E3F2A40449CCC33ABE105A75 /* [CP] Embed Pods Frameworks */ = {
			isa = PBXShellScriptBuildPhase;
			buildActionMask = 2147483647;
			files = (
			);
			inputFileListPaths = (
				"${PODS_ROOT}/Target Support Files/Pods-PracticeForRxSwift/Pods-PracticeForRxSwift-frameworks-${CONFIGURATION}-input-files.xcfilelist",
			);
			name = "[CP] Embed Pods Frameworks";
			outputFileListPaths = (
				"${PODS_ROOT}/Target Support Files/Pods-PracticeForRxSwift/Pods-PracticeForRxSwift-frameworks-${CONFIGURATION}-output-files.xcfilelist",
			);
			runOnlyForDeploymentPostprocessing = 0;
			shellPath = /bin/sh;
			shellScript = "\"${PODS_ROOT}/Target Support Files/Pods-PracticeForRxSwift/Pods-PracticeForRxSwift-frameworks.sh\"\n";
			showEnvVarsInLog = 0;
		};
/* End PBXShellScriptBuildPhase section */

/* Begin PBXSourcesBuildPhase section */
		515B41E82939DE070018C374 /* Sources */ = {
			isa = PBXSourcesBuildPhase;
			buildActionMask = 2147483647;
			files = (
				515B41F42939DE070018C374 /* ViewController.swift in Sources */,
				515B41F02939DE070018C374 /* AppDelegate.swift in Sources */,
				515B41F22939DE070018C374 /* SceneDelegate.swift in Sources */,
			);
			runOnlyForDeploymentPostprocessing = 0;
		};
/* End PBXSourcesBuildPhase section */

/* Begin PBXVariantGroup section */
		515B41F52939DE070018C374 /* Main.storyboard */ = {
			isa = PBXVariantGroup;
			children = (
				515B41F62939DE070018C374 /* Base */,
			);
			name = Main.storyboard;
			sourceTree = "<group>";
		};
		515B41FA2939DE090018C374 /* LaunchScreen.storyboard */ = {
			isa = PBXVariantGroup;
			children = (
				515B41FB2939DE090018C374 /* Base */,
			);
			name = LaunchScreen.storyboard;
			sourceTree = "<group>";
		};
/* End PBXVariantGroup section */

/* Begin XCBuildConfiguration section */
		515B41FE2939DE090018C374 /* Debug */ = {
			isa = XCBuildConfiguration;
			buildSettings = {
				ALWAYS_SEARCH_USER_PATHS = NO;
				CLANG_ANALYZER_NONNULL = YES;
				CLANG_ANALYZER_NUMBER_OBJECT_CONVERSION = YES_AGGRESSIVE;
				CLANG_CXX_LANGUAGE_STANDARD = "gnu++20";
				CLANG_ENABLE_MODULES = YES;
				CLANG_ENABLE_OBJC_ARC = YES;
				CLANG_ENABLE_OBJC_WEAK = YES;
				CLANG_WARN_BLOCK_CAPTURE_AUTORELEASING = YES;
				CLANG_WARN_BOOL_CONVERSION = YES;
				CLANG_WARN_COMMA = YES;
				CLANG_WARN_CONSTANT_CONVERSION = YES;
				CLANG_WARN_DEPRECATED_OBJC_IMPLEMENTATIONS = YES;
				CLANG_WARN_DIRECT_OBJC_ISA_USAGE = YES_ERROR;
				CLANG_WARN_DOCUMENTATION_COMMENTS = YES;
				CLANG_WARN_EMPTY_BODY = YES;
				CLANG_WARN_ENUM_CONVERSION = YES;
				CLANG_WARN_INFINITE_RECURSION = YES;
				CLANG_WARN_INT_CONVERSION = YES;
				CLANG_WARN_NON_LITERAL_NULL_CONVERSION = YES;
				CLANG_WARN_OBJC_IMPLICIT_RETAIN_SELF = YES;
				CLANG_WARN_OBJC_LITERAL_CONVERSION = YES;
				CLANG_WARN_OBJC_ROOT_CLASS = YES_ERROR;
				CLANG_WARN_QUOTED_INCLUDE_IN_FRAMEWORK_HEADER = YES;
				CLANG_WARN_RANGE_LOOP_ANALYSIS = YES;
				CLANG_WARN_STRICT_PROTOTYPES = YES;
				CLANG_WARN_SUSPICIOUS_MOVE = YES;
				CLANG_WARN_UNGUARDED_AVAILABILITY = YES_AGGRESSIVE;
				CLANG_WARN_UNREACHABLE_CODE = YES;
				CLANG_WARN__DUPLICATE_METHOD_MATCH = YES;
				COPY_PHASE_STRIP = NO;
				DEBUG_INFORMATION_FORMAT = dwarf;
				ENABLE_STRICT_OBJC_MSGSEND = YES;
				ENABLE_TESTABILITY = YES;
				GCC_C_LANGUAGE_STANDARD = gnu11;
				GCC_DYNAMIC_NO_PIC = NO;
				GCC_NO_COMMON_BLOCKS = YES;
				GCC_OPTIMIZATION_LEVEL = 0;
				GCC_PREPROCESSOR_DEFINITIONS = (
					"DEBUG=1",
					"$(inherited)",
				);
				GCC_WARN_64_TO_32_BIT_CONVERSION = YES;
				GCC_WARN_ABOUT_RETURN_TYPE = YES_ERROR;
				GCC_WARN_UNDECLARED_SELECTOR = YES;
				GCC_WARN_UNINITIALIZED_AUTOS = YES_AGGRESSIVE;
				GCC_WARN_UNUSED_FUNCTION = YES;
				GCC_WARN_UNUSED_VARIABLE = YES;
				IPHONEOS_DEPLOYMENT_TARGET = 16.1;
				MTL_ENABLE_DEBUG_INFO = INCLUDE_SOURCE;
				MTL_FAST_MATH = YES;
				ONLY_ACTIVE_ARCH = YES;
				SDKROOT = iphoneos;
				SWIFT_ACTIVE_COMPILATION_CONDITIONS = DEBUG;
				SWIFT_OPTIMIZATION_LEVEL = "-Onone";
			};
			name = Debug;
		};
		515B41FF2939DE090018C374 /* Release */ = {
			isa = XCBuildConfiguration;
			buildSettings = {
				ALWAYS_SEARCH_USER_PATHS = NO;
				CLANG_ANALYZER_NONNULL = YES;
				CLANG_ANALYZER_NUMBER_OBJECT_CONVERSION = YES_AGGRESSIVE;
				CLANG_CXX_LANGUAGE_STANDARD = "gnu++20";
				CLANG_ENABLE_MODULES = YES;
				CLANG_ENABLE_OBJC_ARC = YES;
				CLANG_ENABLE_OBJC_WEAK = YES;
				CLANG_WARN_BLOCK_CAPTURE_AUTORELEASING = YES;
				CLANG_WARN_BOOL_CONVERSION = YES;
				CLANG_WARN_COMMA = YES;
				CLANG_WARN_CONSTANT_CONVERSION = YES;
				CLANG_WARN_DEPRECATED_OBJC_IMPLEMENTATIONS = YES;
				CLANG_WARN_DIRECT_OBJC_ISA_USAGE = YES_ERROR;
				CLANG_WARN_DOCUMENTATION_COMMENTS = YES;
				CLANG_WARN_EMPTY_BODY = YES;
				CLANG_WARN_ENUM_CONVERSION = YES;
				CLANG_WARN_INFINITE_RECURSION = YES;
				CLANG_WARN_INT_CONVERSION = YES;
				CLANG_WARN_NON_LITERAL_NULL_CONVERSION = YES;
				CLANG_WARN_OBJC_IMPLICIT_RETAIN_SELF = YES;
				CLANG_WARN_OBJC_LITERAL_CONVERSION = YES;
				CLANG_WARN_OBJC_ROOT_CLASS = YES_ERROR;
				CLANG_WARN_QUOTED_INCLUDE_IN_FRAMEWORK_HEADER = YES;
				CLANG_WARN_RANGE_LOOP_ANALYSIS = YES;
				CLANG_WARN_STRICT_PROTOTYPES = YES;
				CLANG_WARN_SUSPICIOUS_MOVE = YES;
				CLANG_WARN_UNGUARDED_AVAILABILITY = YES_AGGRESSIVE;
				CLANG_WARN_UNREACHABLE_CODE = YES;
				CLANG_WARN__DUPLICATE_METHOD_MATCH = YES;
				COPY_PHASE_STRIP = NO;
				DEBUG_INFORMATION_FORMAT = "dwarf-with-dsym";
				ENABLE_NS_ASSERTIONS = NO;
				ENABLE_STRICT_OBJC_MSGSEND = YES;
				GCC_C_LANGUAGE_STANDARD = gnu11;
				GCC_NO_COMMON_BLOCKS = YES;
				GCC_WARN_64_TO_32_BIT_CONVERSION = YES;
				GCC_WARN_ABOUT_RETURN_TYPE = YES_ERROR;
				GCC_WARN_UNDECLARED_SELECTOR = YES;
				GCC_WARN_UNINITIALIZED_AUTOS = YES_AGGRESSIVE;
				GCC_WARN_UNUSED_FUNCTION = YES;
				GCC_WARN_UNUSED_VARIABLE = YES;
				IPHONEOS_DEPLOYMENT_TARGET = 16.1;
				MTL_ENABLE_DEBUG_INFO = NO;
				MTL_FAST_MATH = YES;
				SDKROOT = iphoneos;
				SWIFT_COMPILATION_MODE = wholemodule;
				SWIFT_OPTIMIZATION_LEVEL = "-O";
				VALIDATE_PRODUCT = YES;
			};
			name = Release;
		};
		515B42012939DE090018C374 /* Debug */ = {
			isa = XCBuildConfiguration;
			baseConfigurationReference = 008B0853EA2B2EDEFFBCF02F /* Pods-PracticeForRxSwift.debug.xcconfig */;
			buildSettings = {
				ASSETCATALOG_COMPILER_APPICON_NAME = AppIcon;
				ASSETCATALOG_COMPILER_GLOBAL_ACCENT_COLOR_NAME = AccentColor;
				CODE_SIGN_STYLE = Automatic;
				CURRENT_PROJECT_VERSION = 1;
				DEVELOPMENT_TEAM = 5S4XBZ2ACZ;
				GENERATE_INFOPLIST_FILE = YES;
				INFOPLIST_FILE = PracticeForRxSwift/Info.plist;
				INFOPLIST_KEY_UIApplicationSupportsIndirectInputEvents = YES;
				INFOPLIST_KEY_UILaunchStoryboardName = LaunchScreen;
				INFOPLIST_KEY_UIMainStoryboardFile = Main;
				INFOPLIST_KEY_UISupportedInterfaceOrientations_iPad = "UIInterfaceOrientationPortrait UIInterfaceOrientationPortraitUpsideDown UIInterfaceOrientationLandscapeLeft UIInterfaceOrientationLandscapeRight";
				INFOPLIST_KEY_UISupportedInterfaceOrientations_iPhone = "UIInterfaceOrientationPortrait UIInterfaceOrientationLandscapeLeft UIInterfaceOrientationLandscapeRight";
				LD_RUNPATH_SEARCH_PATHS = (
					"$(inherited)",
					"@executable_path/Frameworks",
				);
				MARKETING_VERSION = 1.0;
				PRODUCT_BUNDLE_IDENTIFIER = walter.myswift.practice.PracticeForRxSwift;
				PRODUCT_NAME = "$(TARGET_NAME)";
				SWIFT_EMIT_LOC_STRINGS = YES;
				SWIFT_VERSION = 5.0;
				TARGETED_DEVICE_FAMILY = "1,2";
			};
			name = Debug;
		};
		515B42022939DE090018C374 /* Release */ = {
			isa = XCBuildConfiguration;
			baseConfigurationReference = 1BBA7AC4BE6C1532F628D794 /* Pods-PracticeForRxSwift.release.xcconfig */;
			buildSettings = {
				ASSETCATALOG_COMPILER_APPICON_NAME = AppIcon;
				ASSETCATALOG_COMPILER_GLOBAL_ACCENT_COLOR_NAME = AccentColor;
				CODE_SIGN_STYLE = Automatic;
				CURRENT_PROJECT_VERSION = 1;
				DEVELOPMENT_TEAM = 5S4XBZ2ACZ;
				GENERATE_INFOPLIST_FILE = YES;
				INFOPLIST_FILE = PracticeForRxSwift/Info.plist;
				INFOPLIST_KEY_UIApplicationSupportsIndirectInputEvents = YES;
				INFOPLIST_KEY_UILaunchStoryboardName = LaunchScreen;
				INFOPLIST_KEY_UIMainStoryboardFile = Main;
				INFOPLIST_KEY_UISupportedInterfaceOrientations_iPad = "UIInterfaceOrientationPortrait UIInterfaceOrientationPortraitUpsideDown UIInterfaceOrientationLandscapeLeft UIInterfaceOrientationLandscapeRight";
				INFOPLIST_KEY_UISupportedInterfaceOrientations_iPhone = "UIInterfaceOrientationPortrait UIInterfaceOrientationLandscapeLeft UIInterfaceOrientationLandscapeRight";
				LD_RUNPATH_SEARCH_PATHS = (
					"$(inherited)",
					"@executable_path/Frameworks",
				);
				MARKETING_VERSION = 1.0;
				PRODUCT_BUNDLE_IDENTIFIER = walter.myswift.practice.PracticeForRxSwift;
				PRODUCT_NAME = "$(TARGET_NAME)";
				SWIFT_EMIT_LOC_STRINGS = YES;
				SWIFT_VERSION = 5.0;
				TARGETED_DEVICE_FAMILY = "1,2";
			};
			name = Release;
		};
/* End XCBuildConfiguration section */

/* Begin XCConfigurationList section */
		515B41E72939DE070018C374 /* Build configuration list for PBXProject "PracticeForRxSwift" */ = {
			isa = XCConfigurationList;
			buildConfigurations = (
				515B41FE2939DE090018C374 /* Debug */,
				515B41FF2939DE090018C374 /* Release */,
			);
			defaultConfigurationIsVisible = 0;
			defaultConfigurationName = Release;
		};
		515B42002939DE090018C374 /* Build configuration list for PBXNativeTarget "PracticeForRxSwift" */ = {
			isa = XCConfigurationList;
			buildConfigurations = (
				515B42012939DE090018C374 /* Debug */,
				515B42022939DE090018C374 /* Release */,
			);
			defaultConfigurationIsVisible = 0;
			defaultConfigurationName = Release;
		};
/* End XCConfigurationList section */
	};
	rootObject = 515B41E42939DE070018C374 /* Project object */;
}
